
Microsoft Visual Studio Solution File, Format Version 12.00
# Visual Studio Version 16
VisualStudioVersion = 16.0.30413.136
MinimumVisualStudioVersion = 10.0.40219.1
Project("{FAE04EC0-301F-11D3-BF4B-00C04F79EFBC}") = "DAL", "DAL\DAL.csproj", "{07068719-60D0-49A2-AFED-6F7B518714BA}"
EndProject
Project("{FAE04EC0-301F-11D3-BF4B-00C04F79EFBC}") = "GUI", "GUI\GUI.csproj", "{598277F3-4AB5-4383-AC2C-32253CDC990F}"
EndProject
Project("{FAE04EC0-301F-11D3-BF4B-00C04F79EFBC}") = "Models", "Models\Models.csproj", "{5A1073A8-F9E8-4165-90FE-207D73D90F4D}"
EndProject
Project("{FAE04EC0-301F-11D3-BF4B-00C04F79EFBC}") = "WebUI", "WebUI\WebUI.csproj", "{6821242A-A4B4-489A-A267-F67E33B10B2F}"
EndProject
Global
	GlobalSection(SolutionConfigurationPlatforms) = preSolution
		Debug|Any CPU = Debug|Any CPU
		Release|Any CPU = Release|Any CPU
	EndGlobalSection
	GlobalSection(ProjectConfigurationPlatforms) = postSolution
		{07068719-60D0-49A2-AFED-6F7B518714BA}.Debug|Any CPU.ActiveCfg = Debug|Any CPU
		{07068719-60D0-49A2-AFED-6F7B518714BA}.Debug|Any CPU.Build.0 = Debug|Any CPU
		{07068719-60D0-49A2-AFED-6F7B518714BA}.Release|Any CPU.ActiveCfg = Release|Any CPU
		{07068719-60D0-49A2-AFED-6F7B518714BA}.Release|Any CPU.Build.0 = Release|Any CPU
		{598277F3-4AB5-4383-AC2C-32253CDC990F}.Debug|Any CPU.ActiveCfg = Debug|Any CPU
		{598277F3-4AB5-4383-AC2C-32253CDC990F}.Debug|Any CPU.Build.0 = Debug|Any CPU
		{598277F3-4AB5-4383-AC2C-32253CDC990F}.Release|Any CPU.ActiveCfg = Release|Any CPU
		{598277F3-4AB5-4383-AC2C-32253CDC990F}.Release|Any CPU.Build.0 = Release|Any CPU
		{5A1073A8-F9E8-4165-90FE-207D73D90F4D}.Debug|Any CPU.ActiveCfg = Debug|Any CPU
		{5A1073A8-F9E8-4165-90FE-207D73D90F4D}.Debug|Any CPU.Build.0 = Debug|Any CPU
		{5A1073A8-F9E8-4165-90FE-207D73D90F4D}.Release|Any CPU.ActiveCfg = Release|Any CPU
		{5A1073A8-F9E8-4165-90FE-207D73D90F4D}.Release|Any CPU.Build.0 = Release|Any CPU
		{6821242A-A4B4-489A-A267-F67E33B10B2F}.Debug|Any CPU.ActiveCfg = Debug|Any CPU
		{6821242A-A4B4-489A-A267-F67E33B10B2F}.Debug|Any CPU.Build.0 = Debug|Any CPU
		{6821242A-A4B4-489A-A267-F67E33B10B2F}.Release|Any CPU.ActiveCfg = Release|Any CPU
		{6821242A-A4B4-489A-A267-F67E33B10B2F}.Release|Any CPU.Build.0 = Release|Any CPU
	EndGlobalSection
	GlobalSection(SolutionProperties) = preSolution
		HideSolutionNode = FALSE
	EndGlobalSection
	GlobalSection(ExtensibilityGlobals) = postSolution
		SolutionGuid = {81141AB9-3E27-4246-9B52-1109F64156E7}
	EndGlobalSection
EndGlobal
